{
  "name": "adfs-id-provider",
  "version": "2.1.4-SNAPSHOT",
  "lockfileVersion": 2,
  "requires": true,
  "packages": {
    "": {
      "name": "adfs-id-provider",
      "version": "2.1.4-SNAPSHOT",
      "license": "Apache-2.0",
      "devDependencies": {
        "urijs": "1.19.11"
      }
    },
    "node_modules/urijs": {
      "version": "1.19.11",
      "resolved": "https://registry.npmjs.org/urijs/-/urijs-1.19.11.tgz",
      "integrity": "sha512-HXgFDgDommxn5/bIv0cnQZsPhHDA90NPHD6+c/v21U5+Sx5hoP8+dP9IZXBU1gIfvdRfhG8cel9QNPeionfcCQ==",
      "dev": true
    }
  },
  "dependencies": {
    "urijs": {
      "version": "1.19.11",
      "resolved": "https://registry.npmjs.org/urijs/-/urijs-1.19.11.tgz",
      "integrity": "sha512-HXgFDgDommxn5/bIv0cnQZsPhHDA90NPHD6+c/v21U5+Sx5hoP8+dP9IZXBU1gIfvdRfhG8cel9QNPeionfcCQ==",
      "dev": true
    }
  }
}
